// !$*UTF8*$!
{
	archiveVersion = 1;
	classes = {
	};
	objectVersion = 50;
	objects = {

/* Begin PBXBuildFile section */
		9204769E252898BB00A41E42 /* AppDelegate.swift in Sources */ = {isa = PBXBuildFile; fileRef = 9204769D252898BB00A41E42 /* AppDelegate.swift */; };
		920476A0252898BB00A41E42 /* SceneDelegate.swift in Sources */ = {isa = PBXBuildFile; fileRef = 9204769F252898BB00A41E42 /* SceneDelegate.swift */; };
		920476A2252898BB00A41E42 /* ViewController.swift in Sources */ = {isa = PBXBuildFile; fileRef = 920476A1252898BB00A41E42 /* ViewController.swift */; };
		920476A5252898BB00A41E42 /* Main.storyboard in Resources */ = {isa = PBXBuildFile; fileRef = 920476A3252898BB00A41E42 /* Main.storyboard */; };
		920476A7252898BE00A41E42 /* Assets.xcassets in Resources */ = {isa = PBXBuildFile; fileRef = 920476A6252898BE00A41E42 /* Assets.xcassets */; };
		920476AA252898BE00A41E42 /* LaunchScreen.storyboard in Resources */ = {isa = PBXBuildFile; fileRef = 920476A8252898BE00A41E42 /* LaunchScreen.storyboard */; };
		920476B5252898BE00A41E42 /* ViewTestingTests.swift in Sources */ = {isa = PBXBuildFile; fileRef = 920476B4252898BE00A41E42 /* ViewTestingTests.swift */; };
		920476C0252898BE00A41E42 /* ViewTestingUITests.swift in Sources */ = {isa = PBXBuildFile; fileRef = 920476BF252898BE00A41E42 /* ViewTestingUITests.swift */; };
		923C8C1225304D0D003191B6 /* LoadedByNib.swift in Sources */ = {isa = PBXBuildFile; fileRef = 923C8C1125304D0D003191B6 /* LoadedByNib.swift */; };
		92BFAE08253030400036895E /* ImageCustomView.xib in Resources */ = {isa = PBXBuildFile; fileRef = 92BFAE07253030400036895E /* ImageCustomView.xib */; };
		92BFAE0D253033430036895E /* ImageCustomView.swift in Sources */ = {isa = PBXBuildFile; fileRef = 92BFAE0C253033430036895E /* ImageCustomView.swift */; };
		92BFAE1225303E280036895E /* UIView+Extension.swift in Sources */ = {isa = PBXBuildFile; fileRef = 92BFAE1125303E280036895E /* UIView+Extension.swift */; };
		92BFAE1725303FC30036895E /* NibViewTest.swift in Sources */ = {isa = PBXBuildFile; fileRef = 92BFAE1625303FC30036895E /* NibViewTest.swift */; };
		92BFAE20253041460036895E /* LoadNibViewTesting.storyboard in Resources */ = {isa = PBXBuildFile; fileRef = 92BFAE1F253041460036895E /* LoadNibViewTesting.storyboard */; };
		92BFAE25253042090036895E /* LoadNibViewTesting.swift in Sources */ = {isa = PBXBuildFile; fileRef = 92BFAE24253042090036895E /* LoadNibViewTesting.swift */; };
		92FEA6E8252970CD00C9116B /* ImageCollectionViewCell.swift in Sources */ = {isa = PBXBuildFile; fileRef = 92FEA6E6252970CD00C9116B /* ImageCollectionViewCell.swift */; };
		92FEA6E9252970CD00C9116B /* ImageCollectionViewCell.xib in Resources */ = {isa = PBXBuildFile; fileRef = 92FEA6E7252970CD00C9116B /* ImageCollectionViewCell.xib */; };
		92FEA708252972C300C9116B /* VideoCollectionViewCell.swift in Sources */ = {isa = PBXBuildFile; fileRef = 92FEA706252972C300C9116B /* VideoCollectionViewCell.swift */; };
		92FEA709252972C300C9116B /* VideoCollectionViewCell.xib in Resources */ = {isa = PBXBuildFile; fileRef = 92FEA707252972C300C9116B /* VideoCollectionViewCell.xib */; };
/* End PBXBuildFile section */

/* Begin PBXContainerItemProxy section */
		920476B1252898BE00A41E42 /* PBXContainerItemProxy */ = {
			isa = PBXContainerItemProxy;
			containerPortal = 92047692252898BB00A41E42 /* Project object */;
			proxyType = 1;
			remoteGlobalIDString = 92047699252898BB00A41E42;
			remoteInfo = ViewTesting;
		};
		920476BC252898BE00A41E42 /* PBXContainerItemProxy */ = {
			isa = PBXContainerItemProxy;
			containerPortal = 92047692252898BB00A41E42 /* Project object */;
			proxyType = 1;
			remoteGlobalIDString = 92047699252898BB00A41E42;
			remoteInfo = ViewTesting;
		};
/* End PBXContainerItemProxy section */

/* Begin PBXFileReference section */
		9204769A252898BB00A41E42 /* ViewTesting.app */ = {isa = PBXFileReference; explicitFileType = wrapper.application; includeInIndex = 0; path = ViewTesting.app; sourceTree = BUILT_PRODUCTS_DIR; };
		9204769D252898BB00A41E42 /* AppDelegate.swift */ = {isa = PBXFileReference; lastKnownFileType = sourcecode.swift; path = AppDelegate.swift; sourceTree = "<group>"; };
		9204769F252898BB00A41E42 /* SceneDelegate.swift */ = {isa = PBXFileReference; lastKnownFileType = sourcecode.swift; path = SceneDelegate.swift; sourceTree = "<group>"; };
		920476A1252898BB00A41E42 /* ViewController.swift */ = {isa = PBXFileReference; lastKnownFileType = sourcecode.swift; path = ViewController.swift; sourceTree = "<group>"; };
		920476A4252898BB00A41E42 /* Base */ = {isa = PBXFileReference; lastKnownFileType = file.storyboard; name = Base; path = Base.lproj/Main.storyboard; sourceTree = "<group>"; };
		920476A6252898BE00A41E42 /* Assets.xcassets */ = {isa = PBXFileReference; lastKnownFileType = folder.assetcatalog; path = Assets.xcassets; sourceTree = "<group>"; };
		920476A9252898BE00A41E42 /* Base */ = {isa = PBXFileReference; lastKnownFileType = file.storyboard; name = Base; path = Base.lproj/LaunchScreen.storyboard; sourceTree = "<group>"; };
		920476AB252898BE00A41E42 /* Info.plist */ = {isa = PBXFileReference; lastKnownFileType = text.plist.xml; path = Info.plist; sourceTree = "<group>"; };
		920476B0252898BE00A41E42 /* ViewTestingTests.xctest */ = {isa = PBXFileReference; explicitFileType = wrapper.cfbundle; includeInIndex = 0; path = ViewTestingTests.xctest; sourceTree = BUILT_PRODUCTS_DIR; };
		920476B4252898BE00A41E42 /* ViewTestingTests.swift */ = {isa = PBXFileReference; lastKnownFileType = sourcecode.swift; path = ViewTestingTests.swift; sourceTree = "<group>"; };
		920476B6252898BE00A41E42 /* Info.plist */ = {isa = PBXFileReference; lastKnownFileType = text.plist.xml; path = Info.plist; sourceTree = "<group>"; };
		920476BB252898BE00A41E42 /* ViewTestingUITests.xctest */ = {isa = PBXFileReference; explicitFileType = wrapper.cfbundle; includeInIndex = 0; path = ViewTestingUITests.xctest; sourceTree = BUILT_PRODUCTS_DIR; };
		920476BF252898BE00A41E42 /* ViewTestingUITests.swift */ = {isa = PBXFileReference; lastKnownFileType = sourcecode.swift; path = ViewTestingUITests.swift; sourceTree = "<group>"; };
		920476C1252898BE00A41E42 /* Info.plist */ = {isa = PBXFileReference; lastKnownFileType = text.plist.xml; path = Info.plist; sourceTree = "<group>"; };
		923C8C1125304D0D003191B6 /* LoadedByNib.swift */ = {isa = PBXFileReference; lastKnownFileType = sourcecode.swift; path = LoadedByNib.swift; sourceTree = "<group>"; };
		92BFAE07253030400036895E /* ImageCustomView.xib */ = {isa = PBXFileReference; lastKnownFileType = file.xib; path = ImageCustomView.xib; sourceTree = "<group>"; };
		92BFAE0C253033430036895E /* ImageCustomView.swift */ = {isa = PBXFileReference; lastKnownFileType = sourcecode.swift; path = ImageCustomView.swift; sourceTree = "<group>"; };
		92BFAE1125303E280036895E /* UIView+Extension.swift */ = {isa = PBXFileReference; lastKnownFileType = sourcecode.swift; path = "UIView+Extension.swift"; sourceTree = "<group>"; };
		92BFAE1625303FC30036895E /* NibViewTest.swift */ = {isa = PBXFileReference; lastKnownFileType = sourcecode.swift; path = NibViewTest.swift; sourceTree = "<group>"; };
		92BFAE1F253041460036895E /* LoadNibViewTesting.storyboard */ = {isa = PBXFileReference; lastKnownFileType = file.storyboard; path = LoadNibViewTesting.storyboard; sourceTree = "<group>"; };
		92BFAE24253042090036895E /* LoadNibViewTesting.swift */ = {isa = PBXFileReference; lastKnownFileType = sourcecode.swift; path = LoadNibViewTesting.swift; sourceTree = "<group>"; };
		92FEA6E6252970CD00C9116B /* ImageCollectionViewCell.swift */ = {isa = PBXFileReference; lastKnownFileType = sourcecode.swift; path = ImageCollectionViewCell.swift; sourceTree = "<group>"; };
		92FEA6E7252970CD00C9116B /* ImageCollectionViewCell.xib */ = {isa = PBXFileReference; lastKnownFileType = file.xib; path = ImageCollectionViewCell.xib; sourceTree = "<group>"; };
		92FEA706252972C300C9116B /* VideoCollectionViewCell.swift */ = {isa = PBXFileReference; lastKnownFileType = sourcecode.swift; path = VideoCollectionViewCell.swift; sourceTree = "<group>"; };
		92FEA707252972C300C9116B /* VideoCollectionViewCell.xib */ = {isa = PBXFileReference; lastKnownFileType = file.xib; path = VideoCollectionViewCell.xib; sourceTree = "<group>"; };
/* End PBXFileReference section */

/* Begin PBXFrameworksBuildPhase section */
		92047697252898BB00A41E42 /* Frameworks */ = {
			isa = PBXFrameworksBuildPhase;
			buildActionMask = 2147483647;
			files = (
			);
			runOnlyForDeploymentPostprocessing = 0;
		};
		920476AD252898BE00A41E42 /* Frameworks */ = {
			isa = PBXFrameworksBuildPhase;
			buildActionMask = 2147483647;
			files = (
			);
			runOnlyForDeploymentPostprocessing = 0;
		};
		920476B8252898BE00A41E42 /* Frameworks */ = {
			isa = PBXFrameworksBuildPhase;
			buildActionMask = 2147483647;
			files = (
			);
			runOnlyForDeploymentPostprocessing = 0;
		};
/* End PBXFrameworksBuildPhase section */

/* Begin PBXGroup section */
		92047691252898BB00A41E42 = {
			isa = PBXGroup;
			children = (
				9204769C252898BB00A41E42 /* ViewTesting */,
				920476B3252898BE00A41E42 /* ViewTestingTests */,
				920476BE252898BE00A41E42 /* ViewTestingUITests */,
				9204769B252898BB00A41E42 /* Products */,
			);
			sourceTree = "<group>";
		};
		9204769B252898BB00A41E42 /* Products */ = {
			isa = PBXGroup;
			children = (
				9204769A252898BB00A41E42 /* ViewTesting.app */,
				920476B0252898BE00A41E42 /* ViewTestingTests.xctest */,
				920476BB252898BE00A41E42 /* ViewTestingUITests.xctest */,
			);
			name = Products;
			sourceTree = "<group>";
		};
		9204769C252898BB00A41E42 /* ViewTesting */ = {
			isa = PBXGroup;
			children = (
				92BFAE0325302FFC0036895E /* LoadNibViewTesting */,
				9204769D252898BB00A41E42 /* AppDelegate.swift */,
				92FEA6D92529706600C9116B /* CollectionViewWithMultipleCell */,
				9204769F252898BB00A41E42 /* SceneDelegate.swift */,
				920476A6252898BE00A41E42 /* Assets.xcassets */,
				920476A8252898BE00A41E42 /* LaunchScreen.storyboard */,
				920476AB252898BE00A41E42 /* Info.plist */,
			);
			path = ViewTesting;
			sourceTree = "<group>";
		};
		920476B3252898BE00A41E42 /* ViewTestingTests */ = {
			isa = PBXGroup;
			children = (
				920476B4252898BE00A41E42 /* ViewTestingTests.swift */,
				920476B6252898BE00A41E42 /* Info.plist */,
			);
			path = ViewTestingTests;
			sourceTree = "<group>";
		};
		920476BE252898BE00A41E42 /* ViewTestingUITests */ = {
			isa = PBXGroup;
			children = (
				920476BF252898BE00A41E42 /* ViewTestingUITests.swift */,
				920476C1252898BE00A41E42 /* Info.plist */,
			);
			path = ViewTestingUITests;
			sourceTree = "<group>";
		};
		92BFAE0325302FFC0036895E /* LoadNibViewTesting */ = {
			isa = PBXGroup;
			children = (
				92BFAE1B2530412A0036895E /* ViewController */,
				92BFAE07253030400036895E /* ImageCustomView.xib */,
				92BFAE0C253033430036895E /* ImageCustomView.swift */,
				92BFAE1125303E280036895E /* UIView+Extension.swift */,
				92BFAE1625303FC30036895E /* NibViewTest.swift */,
				923C8C1125304D0D003191B6 /* LoadedByNib.swift */,
			);
			path = LoadNibViewTesting;
			sourceTree = "<group>";
		};
		92BFAE1B2530412A0036895E /* ViewController */ = {
			isa = PBXGroup;
			children = (
				92BFAE1F253041460036895E /* LoadNibViewTesting.storyboard */,
				92BFAE24253042090036895E /* LoadNibViewTesting.swift */,
			);
			path = ViewController;
			sourceTree = "<group>";
		};
		92FEA6D92529706600C9116B /* CollectionViewWithMultipleCell */ = {
			isa = PBXGroup;
			children = (
				92FEA705252972B300C9116B /* VideoCell */,
				92FEA6DD252970A700C9116B /* ImageCell */,
				920476A1252898BB00A41E42 /* ViewController.swift */,
				920476A3252898BB00A41E42 /* Main.storyboard */,
			);
			path = CollectionViewWithMultipleCell;
			sourceTree = "<group>";
		};
		92FEA6DD252970A700C9116B /* ImageCell */ = {
			isa = PBXGroup;
			children = (
				92FEA6E6252970CD00C9116B /* ImageCollectionViewCell.swift */,
				92FEA6E7252970CD00C9116B /* ImageCollectionViewCell.xib */,
			);
			path = ImageCell;
			sourceTree = "<group>";
		};
		92FEA705252972B300C9116B /* VideoCell */ = {
			isa = PBXGroup;
			children = (
				92FEA706252972C300C9116B /* VideoCollectionViewCell.swift */,
				92FEA707252972C300C9116B /* VideoCollectionViewCell.xib */,
			);
			path = VideoCell;
			sourceTree = "<group>";
		};
/* End PBXGroup section */

/* Begin PBXNativeTarget section */
		92047699252898BB00A41E42 /* ViewTesting */ = {
			isa = PBXNativeTarget;
			buildConfigurationList = 920476C4252898BE00A41E42 /* Build configuration list for PBXNativeTarget "ViewTesting" */;
			buildPhases = (
				92047696252898BB00A41E42 /* Sources */,
				92047697252898BB00A41E42 /* Frameworks */,
				92047698252898BB00A41E42 /* Resources */,
			);
			buildRules = (
			);
			dependencies = (
			);
			name = ViewTesting;
			productName = ViewTesting;
			productReference = 9204769A252898BB00A41E42 /* ViewTesting.app */;
			productType = "com.apple.product-type.application";
		};
		920476AF252898BE00A41E42 /* ViewTestingTests */ = {
			isa = PBXNativeTarget;
			buildConfigurationList = 920476C7252898BE00A41E42 /* Build configuration list for PBXNativeTarget "ViewTestingTests" */;
			buildPhases = (
				920476AC252898BE00A41E42 /* Sources */,
				920476AD252898BE00A41E42 /* Frameworks */,
				920476AE252898BE00A41E42 /* Resources */,
			);
			buildRules = (
			);
			dependencies = (
				920476B2252898BE00A41E42 /* PBXTargetDependency */,
			);
			name = ViewTestingTests;
			productName = ViewTestingTests;
			productReference = 920476B0252898BE00A41E42 /* ViewTestingTests.xctest */;
			productType = "com.apple.product-type.bundle.unit-test";
		};
		920476BA252898BE00A41E42 /* ViewTestingUITests */ = {
			isa = PBXNativeTarget;
			buildConfigurationList = 920476CA252898BE00A41E42 /* Build configuration list for PBXNativeTarget "ViewTestingUITests" */;
			buildPhases = (
				920476B7252898BE00A41E42 /* Sources */,
				920476B8252898BE00A41E42 /* Frameworks */,
				920476B9252898BE00A41E42 /* Resources */,
			);
			buildRules = (
			);
			dependencies = (
				920476BD252898BE00A41E42 /* PBXTargetDependency */,
			);
			name = ViewTestingUITests;
			productName = ViewTestingUITests;
			productReference = 920476BB252898BE00A41E42 /* ViewTestingUITests.xctest */;
			productType = "com.apple.product-type.bundle.ui-testing";
		};
/* End PBXNativeTarget section */

/* Begin PBXProject section */
		92047692252898BB00A41E42 /* Project object */ = {
			isa = PBXProject;
			attributes = {
				LastSwiftUpdateCheck = 1200;
				LastUpgradeCheck = 1200;
				TargetAttributes = {
					92047699252898BB00A41E42 = {
						CreatedOnToolsVersion = 12.0;
					};
					920476AF252898BE00A41E42 = {
						CreatedOnToolsVersion = 12.0;
						TestTargetID = 92047699252898BB00A41E42;
					};
					920476BA252898BE00A41E42 = {
						CreatedOnToolsVersion = 12.0;
						TestTargetID = 92047699252898BB00A41E42;
					};
				};
			};
			buildConfigurationList = 92047695252898BB00A41E42 /* Build configuration list for PBXProject "ViewTesting" */;
			compatibilityVersion = "Xcode 9.3";
			developmentRegion = en;
			hasScannedForEncodings = 0;
			knownRegions = (
				en,
				Base,
			);
			mainGroup = 92047691252898BB00A41E42;
			productRefGroup = 9204769B252898BB00A41E42 /* Products */;
			projectDirPath = "";
			projectRoot = "";
			targets = (
				92047699252898BB00A41E42 /* ViewTesting */,
				920476AF252898BE00A41E42 /* ViewTestingTests */,
				920476BA252898BE00A41E42 /* ViewTestingUITests */,
			);
		};
/* End PBXProject section */

/* Begin PBXResourcesBuildPhase section */
		92047698252898BB00A41E42 /* Resources */ = {
			isa = PBXResourcesBuildPhase;
			buildActionMask = 2147483647;
			files = (
				920476AA252898BE00A41E42 /* LaunchScreen.storyboard in Resources */,
				92BFAE20253041460036895E /* LoadNibViewTesting.storyboard in Resources */,
				920476A7252898BE00A41E42 /* Assets.xcassets in Resources */,
				92FEA709252972C300C9116B /* VideoCollectionViewCell.xib in Resources */,
				92FEA6E9252970CD00C9116B /* ImageCollectionViewCell.xib in Resources */,
				920476A5252898BB00A41E42 /* Main.storyboard in Resources */,
				92BFAE08253030400036895E /* ImageCustomView.xib in Resources */,
			);
			runOnlyForDeploymentPostprocessing = 0;
		};
		920476AE252898BE00A41E42 /* Resources */ = {
			isa = PBXResourcesBuildPhase;
			buildActionMask = 2147483647;
			files = (
			);
			runOnlyForDeploymentPostprocessing = 0;
		};
		920476B9252898BE00A41E42 /* Resources */ = {
			isa = PBXResourcesBuildPhase;
			buildActionMask = 2147483647;
			files = (
			);
			runOnlyForDeploymentPostprocessing = 0;
		};
/* End PBXResourcesBuildPhase section */

/* Begin PBXSourcesBuildPhase section */
		92047696252898BB00A41E42 /* Sources */ = {
			isa = PBXSourcesBuildPhase;
			buildActionMask = 2147483647;
			files = (
				920476A2252898BB00A41E42 /* ViewController.swift in Sources */,
				92BFAE1225303E280036895E /* UIView+Extension.swift in Sources */,
				92BFAE0D253033430036895E /* ImageCustomView.swift in Sources */,
				9204769E252898BB00A41E42 /* AppDelegate.swift in Sources */,
				92BFAE1725303FC30036895E /* NibViewTest.swift in Sources */,
				92FEA6E8252970CD00C9116B /* ImageCollectionViewCell.swift in Sources */,
				92BFAE25253042090036895E /* LoadNibViewTesting.swift in Sources */,
				923C8C1225304D0D003191B6 /* LoadedByNib.swift in Sources */,
				92FEA708252972C300C9116B /* VideoCollectionViewCell.swift in Sources */,
				920476A0252898BB00A41E42 /* SceneDelegate.swift in Sources */,
			);
			runOnlyForDeploymentPostprocessing = 0;
		};
		920476AC252898BE00A41E42 /* Sources */ = {
			isa = PBXSourcesBuildPhase;
			buildActionMask = 2147483647;
			files = (
				920476B5252898BE00A41E42 /* ViewTestingTests.swift in Sources */,
			);
			runOnlyForDeploymentPostprocessing = 0;
		};
		920476B7252898BE00A41E42 /* Sources */ = {
			isa = PBXSourcesBuildPhase;
			buildActionMask = 2147483647;
			files = (
				920476C0252898BE00A41E42 /* ViewTestingUITests.swift in Sources */,
			);
			runOnlyForDeploymentPostprocessing = 0;
		};
/* End PBXSourcesBuildPhase section */

/* Begin PBXTargetDependency section */
		920476B2252898BE00A41E42 /* PBXTargetDependency */ = {
			isa = PBXTargetDependency;
			target = 92047699252898BB00A41E42 /* ViewTesting */;
			targetProxy = 920476B1252898BE00A41E42 /* PBXContainerItemProxy */;
		};
		920476BD252898BE00A41E42 /* PBXTargetDependency */ = {
			isa = PBXTargetDependency;
			target = 92047699252898BB00A41E42 /* ViewTesting */;
			targetProxy = 920476BC252898BE00A41E42 /* PBXContainerItemProxy */;
		};
/* End PBXTargetDependency section */

/* Begin PBXVariantGroup section */
		920476A3252898BB00A41E42 /* Main.storyboard */ = {
			isa = PBXVariantGroup;
			children = (
				920476A4252898BB00A41E42 /* Base */,
			);
			name = Main.storyboard;
			sourceTree = "<group>";
		};
		920476A8252898BE00A41E42 /* LaunchScreen.storyboard */ = {
			isa = PBXVariantGroup;
			children = (
				920476A9252898BE00A41E42 /* Base */,
			);
			name = LaunchScreen.storyboard;
			sourceTree = "<group>";
		};
/* End PBXVariantGroup section */

/* Begin XCBuildConfiguration section */
		920476C2252898BE00A41E42 /* Debug */ = {
			isa = XCBuildConfiguration;
			buildSettings = {
				ALWAYS_SEARCH_USER_PATHS = NO;
				CLANG_ANALYZER_NONNULL = YES;
				CLANG_ANALYZER_NUMBER_OBJECT_CONVERSION = YES_AGGRESSIVE;
				CLANG_CXX_LANGUAGE_STANDARD = "gnu++14";
				CLANG_CXX_LIBRARY = "libc++";
				CLANG_ENABLE_MODULES = YES;
				CLANG_ENABLE_OBJC_ARC = YES;
				CLANG_ENABLE_OBJC_WEAK = YES;
				CLANG_WARN_BLOCK_CAPTURE_AUTORELEASING = YES;
				CLANG_WARN_BOOL_CONVERSION = YES;
				CLANG_WARN_COMMA = YES;
				CLANG_WARN_CONSTANT_CONVERSION = YES;
				CLANG_WARN_DEPRECATED_OBJC_IMPLEMENTATIONS = YES;
				CLANG_WARN_DIRECT_OBJC_ISA_USAGE = YES_ERROR;
				CLANG_WARN_DOCUMENTATION_COMMENTS = YES;
				CLANG_WARN_EMPTY_BODY = YES;
				CLANG_WARN_ENUM_CONVERSION = YES;
				CLANG_WARN_INFINITE_RECURSION = YES;
				CLANG_WARN_INT_CONVERSION = YES;
				CLANG_WARN_NON_LITERAL_NULL_CONVERSION = YES;
				CLANG_WARN_OBJC_IMPLICIT_RETAIN_SELF = YES;
				CLANG_WARN_OBJC_LITERAL_CONVERSION = YES;
				CLANG_WARN_OBJC_ROOT_CLASS = YES_ERROR;
				CLANG_WARN_QUOTED_INCLUDE_IN_FRAMEWORK_HEADER = YES;
				CLANG_WARN_RANGE_LOOP_ANALYSIS = YES;
				CLANG_WARN_STRICT_PROTOTYPES = YES;
				CLANG_WARN_SUSPICIOUS_MOVE = YES;
				CLANG_WARN_UNGUARDED_AVAILABILITY = YES_AGGRESSIVE;
				CLANG_WARN_UNREACHABLE_CODE = YES;
				CLANG_WARN__DUPLICATE_METHOD_MATCH = YES;
				COPY_PHASE_STRIP = NO;
				DEBUG_INFORMATION_FORMAT = dwarf;
				ENABLE_STRICT_OBJC_MSGSEND = YES;
				ENABLE_TESTABILITY = YES;
				GCC_C_LANGUAGE_STANDARD = gnu11;
				GCC_DYNAMIC_NO_PIC = NO;
				GCC_NO_COMMON_BLOCKS = YES;
				GCC_OPTIMIZATION_LEVEL = 0;
				GCC_PREPROCESSOR_DEFINITIONS = (
					"DEBUG=1",
					"$(inherited)",
				);
				GCC_WARN_64_TO_32_BIT_CONVERSION = YES;
				GCC_WARN_ABOUT_RETURN_TYPE = YES_ERROR;
				GCC_WARN_UNDECLARED_SELECTOR = YES;
				GCC_WARN_UNINITIALIZED_AUTOS = YES_AGGRESSIVE;
				GCC_WARN_UNUSED_FUNCTION = YES;
				GCC_WARN_UNUSED_VARIABLE = YES;
				IPHONEOS_DEPLOYMENT_TARGET = 14.0;
				MTL_ENABLE_DEBUG_INFO = INCLUDE_SOURCE;
				MTL_FAST_MATH = YES;
				ONLY_ACTIVE_ARCH = YES;
				SDKROOT = iphoneos;
				SWIFT_ACTIVE_COMPILATION_CONDITIONS = DEBUG;
				SWIFT_OPTIMIZATION_LEVEL = "-Onone";
			};
			name = Debug;
		};
		920476C3252898BE00A41E42 /* Release */ = {
			isa = XCBuildConfiguration;
			buildSettings = {
				ALWAYS_SEARCH_USER_PATHS = NO;
				CLANG_ANALYZER_NONNULL = YES;
				CLANG_ANALYZER_NUMBER_OBJECT_CONVERSION = YES_AGGRESSIVE;
				CLANG_CXX_LANGUAGE_STANDARD = "gnu++14";
				CLANG_CXX_LIBRARY = "libc++";
				CLANG_ENABLE_MODULES = YES;
				CLANG_ENABLE_OBJC_ARC = YES;
				CLANG_ENABLE_OBJC_WEAK = YES;
				CLANG_WARN_BLOCK_CAPTURE_AUTORELEASING = YES;
				CLANG_WARN_BOOL_CONVERSION = YES;
				CLANG_WARN_COMMA = YES;
				CLANG_WARN_CONSTANT_CONVERSION = YES;
				CLANG_WARN_DEPRECATED_OBJC_IMPLEMENTATIONS = YES;
				CLANG_WARN_DIRECT_OBJC_ISA_USAGE = YES_ERROR;
				CLANG_WARN_DOCUMENTATION_COMMENTS = YES;
				CLANG_WARN_EMPTY_BODY = YES;
				CLANG_WARN_ENUM_CONVERSION = YES;
				CLANG_WARN_INFINITE_RECURSION = YES;
				CLANG_WARN_INT_CONVERSION = YES;
				CLANG_WARN_NON_LITERAL_NULL_CONVERSION = YES;
				CLANG_WARN_OBJC_IMPLICIT_RETAIN_SELF = YES;
				CLANG_WARN_OBJC_LITERAL_CONVERSION = YES;
				CLANG_WARN_OBJC_ROOT_CLASS = YES_ERROR;
				CLANG_WARN_QUOTED_INCLUDE_IN_FRAMEWORK_HEADER = YES;
				CLANG_WARN_RANGE_LOOP_ANALYSIS = YES;
				CLANG_WARN_STRICT_PROTOTYPES = YES;
				CLANG_WARN_SUSPICIOUS_MOVE = YES;
				CLANG_WARN_UNGUARDED_AVAILABILITY = YES_AGGRESSIVE;
				CLANG_WARN_UNREACHABLE_CODE = YES;
				CLANG_WARN__DUPLICATE_METHOD_MATCH = YES;
				COPY_PHASE_STRIP = NO;
				DEBUG_INFORMATION_FORMAT = "dwarf-with-dsym";
				ENABLE_NS_ASSERTIONS = NO;
				ENABLE_STRICT_OBJC_MSGSEND = YES;
				GCC_C_LANGUAGE_STANDARD = gnu11;
				GCC_NO_COMMON_BLOCKS = YES;
				GCC_WARN_64_TO_32_BIT_CONVERSION = YES;
				GCC_WARN_ABOUT_RETURN_TYPE = YES_ERROR;
				GCC_WARN_UNDECLARED_SELECTOR = YES;
				GCC_WARN_UNINITIALIZED_AUTOS = YES_AGGRESSIVE;
				GCC_WARN_UNUSED_FUNCTION = YES;
				GCC_WARN_UNUSED_VARIABLE = YES;
				IPHONEOS_DEPLOYMENT_TARGET = 14.0;
				MTL_ENABLE_DEBUG_INFO = NO;
				MTL_FAST_MATH = YES;
				SDKROOT = iphoneos;
				SWIFT_COMPILATION_MODE = wholemodule;
				SWIFT_OPTIMIZATION_LEVEL = "-O";
				VALIDATE_PRODUCT = YES;
			};
			name = Release;
		};
		920476C5252898BE00A41E42 /* Debug */ = {
			isa = XCBuildConfiguration;
			buildSettings = {
				ASSETCATALOG_COMPILER_APPICON_NAME = AppIcon;
				ASSETCATALOG_COMPILER_GLOBAL_ACCENT_COLOR_NAME = AccentColor;
				CODE_SIGN_STYLE = Automatic;
				INFOPLIST_FILE = ViewTesting/Info.plist;
				LD_RUNPATH_SEARCH_PATHS = (
					"$(inherited)",
					"@executable_path/Frameworks",
				);
				PRODUCT_BUNDLE_IDENTIFIER = com.zmp.ViewTesting;
				PRODUCT_NAME = "$(TARGET_NAME)";
				SWIFT_VERSION = 5.0;
				TARGETED_DEVICE_FAMILY = "1,2";
			};
			name = Debug;
		};
		920476C6252898BE00A41E42 /* Release */ = {
			isa = XCBuildConfiguration;
			buildSettings = {
				ASSETCATALOG_COMPILER_APPICON_NAME = AppIcon;
				ASSETCATALOG_COMPILER_GLOBAL_ACCENT_COLOR_NAME = AccentColor;
				CODE_SIGN_STYLE = Automatic;
				INFOPLIST_FILE = ViewTesting/Info.plist;
				LD_RUNPATH_SEARCH_PATHS = (
					"$(inherited)",
					"@executable_path/Frameworks",
				);
				PRODUCT_BUNDLE_IDENTIFIER = com.zmp.ViewTesting;
				PRODUCT_NAME = "$(TARGET_NAME)";
				SWIFT_VERSION = 5.0;
				TARGETED_DEVICE_FAMILY = "1,2";
			};
			name = Release;
		};
		920476C8252898BE00A41E42 /* Debug */ = {
			isa = XCBuildConfiguration;
			buildSettings = {
				ALWAYS_EMBED_SWIFT_STANDARD_LIBRARIES = YES;
				BUNDLE_LOADER = "$(TEST_HOST)";
				CODE_SIGN_STYLE = Automatic;
				INFOPLIST_FILE = ViewTestingTests/Info.plist;
				IPHONEOS_DEPLOYMENT_TARGET = 14.0;
				LD_RUNPATH_SEARCH_PATHS = (
					"$(inherited)",
					"@executable_path/Frameworks",
					"@loader_path/Frameworks",
				);
				PRODUCT_BUNDLE_IDENTIFIER = com.zmp.ViewTestingTests;
				PRODUCT_NAME = "$(TARGET_NAME)";
				SWIFT_VERSION = 5.0;
				TARGETED_DEVICE_FAMILY = "1,2";
				TEST_HOST = "$(BUILT_PRODUCTS_DIR)/ViewTesting.app/ViewTesting";
			};
			name = Debug;
		};
		920476C9252898BE00A41E42 /* Release */ = {
			isa = XCBuildConfiguration;
			buildSettings = {
				ALWAYS_EMBED_SWIFT_STANDARD_LIBRARIES = YES;
				BUNDLE_LOADER = "$(TEST_HOST)";
				CODE_SIGN_STYLE = Automatic;
				INFOPLIST_FILE = ViewTestingTests/Info.plist;
				IPHONEOS_DEPLOYMENT_TARGET = 14.0;
				LD_RUNPATH_SEARCH_PATHS = (
					"$(inherited)",
					"@executable_path/Frameworks",
					"@loader_path/Frameworks",
				);
				PRODUCT_BUNDLE_IDENTIFIER = com.zmp.ViewTestingTests;
				PRODUCT_NAME = "$(TARGET_NAME)";
				SWIFT_VERSION = 5.0;
				TARGETED_DEVICE_FAMILY = "1,2";
				TEST_HOST = "$(BUILT_PRODUCTS_DIR)/ViewTesting.app/ViewTesting";
			};
			name = Release;
		};
		920476CB252898BE00A41E42 /* Debug */ = {
			isa = XCBuildConfiguration;
			buildSettings = {
				ALWAYS_EMBED_SWIFT_STANDARD_LIBRARIES = YES;
				CODE_SIGN_STYLE = Automatic;
				INFOPLIST_FILE = ViewTestingUITests/Info.plist;
				LD_RUNPATH_SEARCH_PATHS = (
					"$(inherited)",
					"@executable_path/Frameworks",
					"@loader_path/Frameworks",
				);
				PRODUCT_BUNDLE_IDENTIFIER = com.zmp.ViewTestingUITests;
				PRODUCT_NAME = "$(TARGET_NAME)";
				SWIFT_VERSION = 5.0;
				TARGETED_DEVICE_FAMILY = "1,2";
				TEST_TARGET_NAME = ViewTesting;
			};
			name = Debug;
		};
		920476CC252898BE00A41E42 /* Release */ = {
			isa = XCBuildConfiguration;
			buildSettings = {
				ALWAYS_EMBED_SWIFT_STANDARD_LIBRARIES = YES;
				CODE_SIGN_STYLE = Automatic;
				INFOPLIST_FILE = ViewTestingUITests/Info.plist;
				LD_RUNPATH_SEARCH_PATHS = (
					"$(inherited)",
					"@executable_path/Frameworks",
					"@loader_path/Frameworks",
				);
				PRODUCT_BUNDLE_IDENTIFIER = com.zmp.ViewTestingUITests;
				PRODUCT_NAME = "$(TARGET_NAME)";
				SWIFT_VERSION = 5.0;
				TARGETED_DEVICE_FAMILY = "1,2";
				TEST_TARGET_NAME = ViewTesting;
			};
			name = Release;
		};
/* End XCBuildConfiguration section */

/* Begin XCConfigurationList section */
		92047695252898BB00A41E42 /* Build configuration list for PBXProject "ViewTesting" */ = {
			isa = XCConfigurationList;
			buildConfigurations = (
				920476C2252898BE00A41E42 /* Debug */,
				920476C3252898BE00A41E42 /* Release */,
			);
			defaultConfigurationIsVisible = 0;
			defaultConfigurationName = Release;
		};
		920476C4252898BE00A41E42 /* Build configuration list for PBXNativeTarget "ViewTesting" */ = {
			isa = XCConfigurationList;
			buildConfigurations = (
				920476C5252898BE00A41E42 /* Debug */,
				920476C6252898BE00A41E42 /* Release */,
			);
			defaultConfigurationIsVisible = 0;
			defaultConfigurationName = Release;
		};
		920476C7252898BE00A41E42 /* Build configuration list for PBXNativeTarget "ViewTestingTests" */ = {
			isa = XCConfigurationList;
			buildConfigurations = (
				920476C8252898BE00A41E42 /* Debug */,
				920476C9252898BE00A41E42 /* Release */,
			);
			defaultConfigurationIsVisible = 0;
			defaultConfigurationName = Release;
		};
		920476CA252898BE00A41E42 /* Build configuration list for PBXNativeTarget "ViewTestingUITests" */ = {
			isa = XCConfigurationList;
			buildConfigurations = (
				920476CB252898BE00A41E42 /* Debug */,
				920476CC252898BE00A41E42 /* Release */,
			);
			defaultConfigurationIsVisible = 0;
			defaultConfigurationName = Release;
		};
/* End XCConfigurationList section */
	};
	rootObject = 92047692252898BB00A41E42 /* Project object */;
}
